
Microsoft Visual Studio Solution File, Format Version 12.00
# Visual Studio 15
VisualStudioVersion = 15.0.28307.757
MinimumVisualStudioVersion = 10.0.40219.1
Project("{8BC9CEB8-8B4A-11D0-8D11-00A0C91BC942}") = "Project3菲薄那次数列", "Project3菲薄那次数列\Project3菲薄那次数列.vcxproj", "{DA5FE7CA-21F8-48E2-ABE9-14DC16B5AAC1}"
EndProject
Global
	GlobalSection(SolutionConfigurationPlatforms) = preSolution
		Debug|x64 = Debug|x64
		Debug|x86 = Debug|x86
		Release|x64 = Release|x64
		Release|x86 = Release|x86
	EndGlobalSection
	GlobalSection(ProjectConfigurationPlatforms) = postSolution
		{DA5FE7CA-21F8-48E2-ABE9-14DC16B5AAC1}.Debug|x64.ActiveCfg = Debug|x64
		{DA5FE7CA-21F8-48E2-ABE9-14DC16B5AAC1}.Debug|x64.Build.0 = Debug|x64
		{DA5FE7CA-21F8-48E2-ABE9-14DC16B5AAC1}.Debug|x86.ActiveCfg = Debug|Win32
		{DA5FE7CA-21F8-48E2-ABE9-14DC16B5AAC1}.Debug|x86.Build.0 = Debug|Win32
		{DA5FE7CA-21F8-48E2-ABE9-14DC16B5AAC1}.Release|x64.ActiveCfg = Release|x64
		{DA5FE7CA-21F8-48E2-ABE9-14DC16B5AAC1}.Release|x64.Build.0 = Release|x64
		{DA5FE7CA-21F8-48E2-ABE9-14DC16B5AAC1}.Release|x86.ActiveCfg = Release|Win32
		{DA5FE7CA-21F8-48E2-ABE9-14DC16B5AAC1}.Release|x86.Build.0 = Release|Win32
	EndGlobalSection
	GlobalSection(SolutionProperties) = preSolution
		HideSolutionNode = FALSE
	EndGlobalSection
	GlobalSection(ExtensibilityGlobals) = postSolution
		SolutionGuid = {EBC77DDF-5A80-4C71-96C1-C194B4D837EA}
	EndGlobalSection
EndGlobal
